# THIS IS AN AUTOGENERATED FILE. DO NOT EDIT THIS FILE DIRECTLY.
# yarn lockfile v1

"@babel/core@^7.23.0":
  version "7.23.0"
  resolved "https://registry.yarnpkg.com/@babel/core/-/core-7.23.0.tgz#abc123"
  integrity sha512-test123==
  dependencies:
    "@babel/generator" "^7.23.0"

express@^4.18.2:
  version "4.18.2"
  resolved "https://registry.yarnpkg.com/express/-/express-4.18.2.tgz#def456"
  integrity sha512-test456==

lodash@^4.17.21:
  version "4.17.21"
  resolved "https://registry.yarnpkg.com/lodash/-/lodash-4.17.21.tgz#ghi789"
  integrity sha512-test789==
