lockfileVersion: '6.0'

dependencies:
  express:
    specifier: ^4.18.2
    version: 4.18.2
  lodash:
    specifier: ^4.17.21
    version: 4.17.21

packages:

  /@babel/core@7.23.0:
    resolution: {integrity: sha512-test123==}
    engines: {node: '>=6.9.0'}
    
  /express@4.18.2:
    resolution: {integrity: sha512-test456==}
    dependencies:
      accepts: 1.3.8
    engines: {node: '>= 0.10.0'}
    
  /lodash@4.17.21:
    resolution: {integrity: sha512-test789==}
